<?xml version="1.0" encoding="utf-8"?>
<Project ToolsVersion="4.0" xmlns="http://schemas.microsoft.com/developer/msbuild/2003">
  <ItemGroup>
    <Filter Include="Header Files">
      <UniqueIdentifier>{93995380-89BD-4b04-88EB-625FBE52EBFB}</UniqueIdentifier>
      <Extensions>h;hh;hpp;hxx;h++;hm;inl;inc;ipp;xsd</Extensions>
    </Filter>
    <Filter Include="src">
      <UniqueIdentifier>{e82d8923-a7d2-4333-a09f-a70c3b7db9b5}</UniqueIdentifier>
    </Filter>
    <Filter Include="src\config">
      <UniqueIdentifier>{3fb4f03b-46fa-457b-a63e-3a088ae6cddd}</UniqueIdentifier>
    </Filter>
    <Filter Include="src\core">
      <UniqueIdentifier>{ba552fdf-cfaa-49bf-b544-564dfab24bf0}</UniqueIdentifier>
    </Filter>
    <Filter Include="src\utils">
      <UniqueIdentifier>{d895daf7-0e77-4ea7-9f44-f78b52feda9a}</UniqueIdentifier>
    </Filter>
    <Filter Include="src\widgets">
      <UniqueIdentifier>{00a9c046-0de2-46a7-b989-d8baee3102f4}</UniqueIdentifier>
    </Filter>
    <Filter Include="script">
      <UniqueIdentifier>{64ee9ad7-3056-4b99-99e1-2ca6a11f0d7d}</UniqueIdentifier>
    </Filter>
    <Filter Include="vendor">
      <UniqueIdentifier>{599e2835-bd2f-4405-9a21-552fe6123794}</UniqueIdentifier>
    </Filter>
    <Filter Include="vendor\DirectX9">
      <UniqueIdentifier>{8c910cac-48ec-48d9-8942-8c3d691daba2}</UniqueIdentifier>
    </Filter>
    <Filter Include="vendor\DirectX9\Include">
      <UniqueIdentifier>{4709fb12-2fb8-4ffe-b612-e71bc0ce6c21}</UniqueIdentifier>
    </Filter>
    <Filter Include="vendor\DirectX9\Lib">
      <UniqueIdentifier>{25504ee6-9476-4ed4-b5c7-fa36e1c1f6fc}</UniqueIdentifier>
    </Filter>
    <Filter Include="vendor\ImGui">
      <UniqueIdentifier>{ed4140bf-a45b-426c-9278-92ded409944e}</UniqueIdentifier>
    </Filter>
  </ItemGroup>
  <ItemGroup>
    <ClCompile Include="src\widgets\widgets.cpp">
      <Filter>src\widgets</Filter>
    </ClCompile>
    <ClCompile Include="src\utils\utils.cpp">
      <Filter>src\utils</Filter>
    </ClCompile>
    <ClCompile Include="src\main.cpp">
      <Filter>src</Filter>
    </ClCompile>
    <ClCompile Include="vendor\ImGui\imgui_widgets.cpp">
      <Filter>vendor\ImGui</Filter>
    </ClCompile>
    <ClCompile Include="vendor\ImGui\imgui.cpp">
      <Filter>vendor\ImGui</Filter>
    </ClCompile>
    <ClCompile Include="vendor\ImGui\imgui_demo.cpp">
      <Filter>vendor\ImGui</Filter>
    </ClCompile>
    <ClCompile Include="vendor\ImGui\imgui_draw.cpp">
      <Filter>vendor\ImGui</Filter>
    </ClCompile>
    <ClCompile Include="vendor\ImGui\imgui_impl_dx9.cpp">
      <Filter>vendor\ImGui</Filter>
    </ClCompile>
    <ClCompile Include="vendor\ImGui\imgui_impl_win32.cpp">
      <Filter>vendor\ImGui</Filter>
    </ClCompile>
    <ClCompile Include="şifreleme\md5.cpp" />
    <ClCompile Include="print.cpp" />
  </ItemGroup>
  <ItemGroup>
    <ClInclude Include="vendor\DirectX9\Include\PIXPlugin.h">
      <Filter>Header Files</Filter>
    </ClInclude>
    <ClInclude Include="vendor\ImGui\imconfig.h">
      <Filter>Header Files</Filter>
    </ClInclude>
    <ClInclude Include="vendor\ImGui\imgui.h">
      <Filter>Header Files</Filter>
    </ClInclude>
    <ClInclude Include="vendor\ImGui\imgui_impl_dx9.h">
      <Filter>Header Files</Filter>
    </ClInclude>
    <ClInclude Include="vendor\ImGui\imgui_impl_win32.h">
      <Filter>Header Files</Filter>
    </ClInclude>
    <ClInclude Include="vendor\ImGui\imgui_internal.h">
      <Filter>Header Files</Filter>
    </ClInclude>
    <ClInclude Include="vendor\ImGui\imstb_rectpack.h">
      <Filter>Header Files</Filter>
    </ClInclude>
    <ClInclude Include="vendor\ImGui\imstb_textedit.h">
      <Filter>Header Files</Filter>
    </ClInclude>
    <ClInclude Include="vendor\ImGui\imstb_truetype.h">
      <Filter>Header Files</Filter>
    </ClInclude>
    <ClInclude Include="anabolum.h">
      <Filter>Header Files</Filter>
    </ClInclude>
    <ClInclude Include="src\config\common.hpp">
      <Filter>src\config</Filter>
    </ClInclude>
    <ClInclude Include="src\config\config.hpp">
      <Filter>src\config</Filter>
    </ClInclude>
    <ClInclude Include="src\config\Features.h">
      <Filter>src\config</Filter>
    </ClInclude>
    <ClInclude Include="src\config\graphics_api.hpp">
      <Filter>src\config</Filter>
    </ClInclude>
    <ClInclude Include="src\core\graphics_api.hpp">
      <Filter>src\core</Filter>
    </ClInclude>
    <ClInclude Include="src\core\config.hpp">
      <Filter>src\core</Filter>
    </ClInclude>
    <ClInclude Include="src\widgets\widgets.hpp">
      <Filter>src\widgets</Filter>
    </ClInclude>
    <ClInclude Include="src\utils\common.hpp">
      <Filter>src\utils</Filter>
    </ClInclude>
    <ClInclude Include="script\basvurular.h">
      <Filter>script</Filter>
    </ClInclude>
    <ClInclude Include="script\çizim.h">
      <Filter>script</Filter>
    </ClInclude>
    <ClInclude Include="script\ek.h">
      <Filter>script</Filter>
    </ClInclude>
    <ClInclude Include="script\recoil.h">
      <Filter>script</Filter>
    </ClInclude>
    <ClInclude Include="script\script.h">
      <Filter>script</Filter>
    </ClInclude>
    <ClInclude Include="script\xor.h">
      <Filter>script</Filter>
    </ClInclude>
    <ClInclude Include="vendor\DirectX9\Include\rmxfguid.h">
      <Filter>vendor\DirectX9\Include</Filter>
    </ClInclude>
    <ClInclude Include="vendor\DirectX9\Include\rmxftmpl.h">
      <Filter>vendor\DirectX9\Include</Filter>
    </ClInclude>
    <ClInclude Include="vendor\DirectX9\Include\rpcsal.h">
      <Filter>vendor\DirectX9\Include</Filter>
    </ClInclude>
    <ClInclude Include="vendor\DirectX9\Include\X3DAudio.h">
      <Filter>vendor\DirectX9\Include</Filter>
    </ClInclude>
    <ClInclude Include="vendor\DirectX9\Include\xact3.h">
      <Filter>vendor\DirectX9\Include</Filter>
    </ClInclude>
    <ClInclude Include="vendor\DirectX9\Include\xact3d3.h">
      <Filter>vendor\DirectX9\Include</Filter>
    </ClInclude>
    <ClInclude Include="vendor\DirectX9\Include\xact3wb.h">
      <Filter>vendor\DirectX9\Include</Filter>
    </ClInclude>
    <ClInclude Include="vendor\DirectX9\Include\XAPO.h">
      <Filter>vendor\DirectX9\Include</Filter>
    </ClInclude>
    <ClInclude Include="vendor\DirectX9\Include\XAPOBase.h">
      <Filter>vendor\DirectX9\Include</Filter>
    </ClInclude>
    <ClInclude Include="vendor\DirectX9\Include\XAPOFX.h">
      <Filter>vendor\DirectX9\Include</Filter>
    </ClInclude>
    <ClInclude Include="vendor\DirectX9\Include\XAudio2.h">
      <Filter>vendor\DirectX9\Include</Filter>
    </ClInclude>
    <ClInclude Include="vendor\DirectX9\Include\XAudio2fx.h">
      <Filter>vendor\DirectX9\Include</Filter>
    </ClInclude>
    <ClInclude Include="vendor\DirectX9\Include\XDSP.h">
      <Filter>vendor\DirectX9\Include</Filter>
    </ClInclude>
    <ClInclude Include="vendor\DirectX9\Include\XInput.h">
      <Filter>vendor\DirectX9\Include</Filter>
    </ClInclude>
    <ClInclude Include="vendor\DirectX9\Include\xma2defs.h">
      <Filter>vendor\DirectX9\Include</Filter>
    </ClInclude>
    <ClInclude Include="vendor\DirectX9\Include\xnamath.h">
      <Filter>vendor\DirectX9\Include</Filter>
    </ClInclude>
    <ClInclude Include="vendor\DirectX9\Include\gameux.h">
      <Filter>vendor\DirectX9\Include</Filter>
    </ClInclude>
    <ClInclude Include="vendor\DirectX9\Include\audiodefs.h">
      <Filter>vendor\DirectX9\Include</Filter>
    </ClInclude>
    <ClInclude Include="Header files\auth.h">
      <Filter>vendor\DirectX9\Include</Filter>
    </ClInclude>
    <ClInclude Include="vendor\DirectX9\Include\comdecl.h">
      <Filter>vendor\DirectX9\Include</Filter>
    </ClInclude>
    <ClInclude Include="ConsoleColor.h">
      <Filter>vendor\DirectX9\Include</Filter>
    </ClInclude>
    <ClInclude Include="vendor\DirectX9\Include\D2D1.h">
      <Filter>vendor\DirectX9\Include</Filter>
    </ClInclude>
    <ClInclude Include="vendor\DirectX9\Include\D2D1Helper.h">
      <Filter>vendor\DirectX9\Include</Filter>
    </ClInclude>
    <ClInclude Include="vendor\DirectX9\Include\D2DBaseTypes.h">
      <Filter>vendor\DirectX9\Include</Filter>
    </ClInclude>
    <ClInclude Include="vendor\DirectX9\Include\D2Derr.h">
      <Filter>vendor\DirectX9\Include</Filter>
    </ClInclude>
    <ClInclude Include="vendor\DirectX9\Include\d3d9.h">
      <Filter>vendor\DirectX9\Include</Filter>
    </ClInclude>
    <ClInclude Include="vendor\DirectX9\Include\d3d9caps.h">
      <Filter>vendor\DirectX9\Include</Filter>
    </ClInclude>
    <ClInclude Include="vendor\DirectX9\Include\d3d9types.h">
      <Filter>vendor\DirectX9\Include</Filter>
    </ClInclude>
    <ClInclude Include="vendor\DirectX9\Include\D3D10.h">
      <Filter>vendor\DirectX9\Include</Filter>
    </ClInclude>
    <ClInclude Include="vendor\DirectX9\Include\D3D10_1.h">
      <Filter>vendor\DirectX9\Include</Filter>
    </ClInclude>
    <ClInclude Include="vendor\DirectX9\Include\D3D10_1shader.h">
      <Filter>vendor\DirectX9\Include</Filter>
    </ClInclude>
    <ClInclude Include="vendor\DirectX9\Include\D3D10effect.h">
      <Filter>vendor\DirectX9\Include</Filter>
    </ClInclude>
    <ClInclude Include="vendor\DirectX9\Include\d3d10misc.h">
      <Filter>vendor\DirectX9\Include</Filter>
    </ClInclude>
    <ClInclude Include="vendor\DirectX9\Include\d3d10sdklayers.h">
      <Filter>vendor\DirectX9\Include</Filter>
    </ClInclude>
    <ClInclude Include="vendor\DirectX9\Include\D3D10shader.h">
      <Filter>vendor\DirectX9\Include</Filter>
    </ClInclude>
    <ClInclude Include="vendor\DirectX9\Include\D3D11.h">
      <Filter>vendor\DirectX9\Include</Filter>
    </ClInclude>
    <ClInclude Include="vendor\DirectX9\Include\D3D11SDKLayers.h">
      <Filter>vendor\DirectX9\Include</Filter>
    </ClInclude>
    <ClInclude Include="vendor\DirectX9\Include\D3D11Shader.h">
      <Filter>vendor\DirectX9\Include</Filter>
    </ClInclude>
    <ClInclude Include="vendor\DirectX9\Include\D3Dcommon.h">
      <Filter>vendor\DirectX9\Include</Filter>
    </ClInclude>
    <ClInclude Include="vendor\DirectX9\Include\D3Dcompiler.h">
      <Filter>vendor\DirectX9\Include</Filter>
    </ClInclude>
    <ClInclude Include="vendor\DirectX9\Include\D3DCSX.h">
      <Filter>vendor\DirectX9\Include</Filter>
    </ClInclude>
    <ClInclude Include="vendor\DirectX9\Include\d3dx9.h">
      <Filter>vendor\DirectX9\Include</Filter>
    </ClInclude>
    <ClInclude Include="vendor\DirectX9\Include\d3dx9anim.h">
      <Filter>vendor\DirectX9\Include</Filter>
    </ClInclude>
    <ClInclude Include="vendor\DirectX9\Include\d3dx9core.h">
      <Filter>vendor\DirectX9\Include</Filter>
    </ClInclude>
    <ClInclude Include="vendor\DirectX9\Include\d3dx9effect.h">
      <Filter>vendor\DirectX9\Include</Filter>
    </ClInclude>
    <ClInclude Include="vendor\DirectX9\Include\d3dx9math.h">
      <Filter>vendor\DirectX9\Include</Filter>
    </ClInclude>
    <ClInclude Include="vendor\DirectX9\Include\d3dx9mesh.h">
      <Filter>vendor\DirectX9\Include</Filter>
    </ClInclude>
    <ClInclude Include="vendor\DirectX9\Include\d3dx9shader.h">
      <Filter>vendor\DirectX9\Include</Filter>
    </ClInclude>
    <ClInclude Include="vendor\DirectX9\Include\d3dx9shape.h">
      <Filter>vendor\DirectX9\Include</Filter>
    </ClInclude>
    <ClInclude Include="vendor\DirectX9\Include\d3dx9tex.h">
      <Filter>vendor\DirectX9\Include</Filter>
    </ClInclude>
    <ClInclude Include="vendor\DirectX9\Include\d3dx9xof.h">
      <Filter>vendor\DirectX9\Include</Filter>
    </ClInclude>
    <ClInclude Include="vendor\DirectX9\Include\D3DX10.h">
      <Filter>vendor\DirectX9\Include</Filter>
    </ClInclude>
    <ClInclude Include="vendor\DirectX9\Include\d3dx10async.h">
      <Filter>vendor\DirectX9\Include</Filter>
    </ClInclude>
    <ClInclude Include="vendor\DirectX9\Include\D3DX10core.h">
      <Filter>vendor\DirectX9\Include</Filter>
    </ClInclude>
    <ClInclude Include="vendor\DirectX9\Include\D3DX10math.h">
      <Filter>vendor\DirectX9\Include</Filter>
    </ClInclude>
    <ClInclude Include="vendor\DirectX9\Include\D3DX10mesh.h">
      <Filter>vendor\DirectX9\Include</Filter>
    </ClInclude>
    <ClInclude Include="vendor\DirectX9\Include\D3DX10tex.h">
      <Filter>vendor\DirectX9\Include</Filter>
    </ClInclude>
    <ClInclude Include="vendor\DirectX9\Include\D3DX11.h">
      <Filter>vendor\DirectX9\Include</Filter>
    </ClInclude>
    <ClInclude Include="vendor\DirectX9\Include\D3DX11async.h">
      <Filter>vendor\DirectX9\Include</Filter>
    </ClInclude>
    <ClInclude Include="vendor\DirectX9\Include\D3DX11core.h">
      <Filter>vendor\DirectX9\Include</Filter>
    </ClInclude>
    <ClInclude Include="vendor\DirectX9\Include\D3DX11tex.h">
      <Filter>vendor\DirectX9\Include</Filter>
    </ClInclude>
    <ClInclude Include="vendor\DirectX9\Include\Dcommon.h">
      <Filter>vendor\DirectX9\Include</Filter>
    </ClInclude>
    <ClInclude Include="vendor\DirectX9\Include\detours.h">
      <Filter>vendor\DirectX9\Include</Filter>
    </ClInclude>
    <ClInclude Include="vendor\DirectX9\Include\dinput.h">
      <Filter>vendor\DirectX9\Include</Filter>
    </ClInclude>
    <ClInclude Include="vendor\DirectX9\Include\dinputd.h">
      <Filter>vendor\DirectX9\Include</Filter>
    </ClInclude>
    <ClInclude Include="vendor\DirectX9\Include\dsconf.h">
      <Filter>vendor\DirectX9\Include</Filter>
    </ClInclude>
    <ClInclude Include="vendor\DirectX9\Include\dsetup.h">
      <Filter>vendor\DirectX9\Include</Filter>
    </ClInclude>
    <ClInclude Include="vendor\DirectX9\Include\dsound.h">
      <Filter>vendor\DirectX9\Include</Filter>
    </ClInclude>
    <ClInclude Include="vendor\DirectX9\Include\DWrite.h">
      <Filter>vendor\DirectX9\Include</Filter>
    </ClInclude>
    <ClInclude Include="vendor\DirectX9\Include\dxdiag.h">
      <Filter>vendor\DirectX9\Include</Filter>
    </ClInclude>
    <ClInclude Include="vendor\DirectX9\Include\DxErr.h">
      <Filter>vendor\DirectX9\Include</Filter>
    </ClInclude>
    <ClInclude Include="vendor\DirectX9\Include\dxfile.h">
      <Filter>vendor\DirectX9\Include</Filter>
    </ClInclude>
    <ClInclude Include="vendor\DirectX9\Include\DXGI.h">
      <Filter>vendor\DirectX9\Include</Filter>
    </ClInclude>
    <ClInclude Include="vendor\DirectX9\Include\DXGIFormat.h">
      <Filter>vendor\DirectX9\Include</Filter>
    </ClInclude>
    <ClInclude Include="vendor\DirectX9\Include\DXGIType.h">
      <Filter>vendor\DirectX9\Include</Filter>
    </ClInclude>
    <ClInclude Include="vendor\DirectX9\Include\dxsdkver.h">
      <Filter>vendor\DirectX9\Include</Filter>
    </ClInclude>
    <ClInclude Include="src\core\fono.h">
      <Filter>Header Files</Filter>
    </ClInclude>
    <ClInclude Include="şifreleme\md5.h">
      <Filter>Header Files</Filter>
    </ClInclude>
    <ClInclude Include="şifreleme\xor.h">
      <Filter>Header Files</Filter>
    </ClInclude>
    <ClInclude Include="print.h">
      <Filter>Header Files</Filter>
    </ClInclude>
  </ItemGroup>
  <ItemGroup>
    <None Include="vendor\DirectX9\Include\xnamathconvert.inl">
      <Filter>vendor\DirectX9\Include</Filter>
    </None>
    <None Include="vendor\DirectX9\Include\xnamathmatrix.inl">
      <Filter>vendor\DirectX9\Include</Filter>
    </None>
    <None Include="vendor\DirectX9\Include\xnamathmisc.inl">
      <Filter>vendor\DirectX9\Include</Filter>
    </None>
    <None Include="vendor\DirectX9\Include\xnamathvector.inl">
      <Filter>vendor\DirectX9\Include</Filter>
    </None>
    <None Include="vendor\DirectX9\Include\D3DX_DXGIFormatConvert.inl">
      <Filter>vendor\DirectX9\Include</Filter>
    </None>
    <None Include="vendor\DirectX9\Include\d3dx9math.inl">
      <Filter>vendor\DirectX9\Include</Filter>
    </None>
    <None Include="vendor\DirectX9\Include\D3DX10math.inl">
      <Filter>vendor\DirectX9\Include</Filter>
    </None>
  </ItemGroup>
</Project>